
Microsoft Visual Studio Solution File, Format Version 12.00
# Visual Studio Version 17
VisualStudioVersion = 17.10.35013.160
MinimumVisualStudioVersion = 10.0.40219.1
Project("{9A19103F-16F7-4668-BE54-9A1E7A4F7556}") = "WebApp", "WebApp\WebApp.csproj", "{3AA1794E-F91E-43D2-849A-E93660C3DF7F}"
EndProject
Global
	GlobalSection(SolutionConfigurationPlatforms) = preSolution
		Debug|Any CPU = Debug|Any CPU
		Release|Any CPU = Release|Any CPU
	EndGlobalSection
	GlobalSection(ProjectConfigurationPlatforms) = postSolution
		{3AA1794E-F91E-43D2-849A-E93660C3DF7F}.Debug|Any CPU.ActiveCfg = Debug|Any CPU
		{3AA1794E-F91E-43D2-849A-E93660C3DF7F}.Debug|Any CPU.Build.0 = Debug|Any CPU
		{3AA1794E-F91E-43D2-849A-E93660C3DF7F}.Release|Any CPU.ActiveCfg = Release|Any CPU
		{3AA1794E-F91E-43D2-849A-E93660C3DF7F}.Release|Any CPU.Build.0 = Release|Any CPU
	EndGlobalSection
	GlobalSection(SolutionProperties) = preSolution
		HideSolutionNode = FALSE
	EndGlobalSection
	GlobalSection(ExtensibilityGlobals) = postSolution
		SolutionGuid = {9CFA910F-AB8E-4133-8858-B7383CD9D69C}
	EndGlobalSection
EndGlobal
